
Microsoft Visual Studio Solution File, Format Version 12.00
# Visual Studio 2012
# SharpDevelop 5.1
VisualStudioVersion = 12.0.20827.3
MinimumVisualStudioVersion = 10.0.40219.1
Project("{FAE04EC0-301F-11D3-BF4B-00C04F79EFBC}") = "AI.NeuronNetwork", "NeuronNetwork\AI.NeuronNetwork.csproj", "{B84FF20E-200C-4DE0-B717-26E891CDED0F}"
EndProject
Project("{FAE04EC0-301F-11D3-BF4B-00C04F79EFBC}") = "ConsoleTest", "ConsoleTest\ConsoleTest.csproj", "{3D01E696-2F4E-44E2-B089-6AAB58B4AB23}"
EndProject
Global
	GlobalSection(SolutionConfigurationPlatforms) = preSolution
		Debug|Any CPU = Debug|Any CPU
		Release|Any CPU = Release|Any CPU
	EndGlobalSection
	GlobalSection(ProjectConfigurationPlatforms) = postSolution
		{B84FF20E-200C-4DE0-B717-26E891CDED0F}.Debug|Any CPU.ActiveCfg = Debug|Any CPU
		{B84FF20E-200C-4DE0-B717-26E891CDED0F}.Debug|Any CPU.Build.0 = Debug|Any CPU
		{B84FF20E-200C-4DE0-B717-26E891CDED0F}.Release|Any CPU.ActiveCfg = Release|Any CPU
		{B84FF20E-200C-4DE0-B717-26E891CDED0F}.Release|Any CPU.Build.0 = Release|Any CPU
		{3D01E696-2F4E-44E2-B089-6AAB58B4AB23}.Debug|Any CPU.ActiveCfg = Debug|Any CPU
		{3D01E696-2F4E-44E2-B089-6AAB58B4AB23}.Debug|Any CPU.Build.0 = Debug|Any CPU
		{3D01E696-2F4E-44E2-B089-6AAB58B4AB23}.Release|Any CPU.ActiveCfg = Release|Any CPU
		{3D01E696-2F4E-44E2-B089-6AAB58B4AB23}.Release|Any CPU.Build.0 = Release|Any CPU
	EndGlobalSection
EndGlobal
